
Microsoft Visual Studio Solution File, Format Version 12.00
# Visual Studio Version 16
VisualStudioVersion = 16.0.31424.327
MinimumVisualStudioVersion = 10.0.40219.1
Project("{2150E333-8FDC-42A3-9474-1A3956D46DE8}") = "Applications", "Applications", "{1FBB8800-D876-440F-8BD9-E45714754565}"
EndProject
Project("{2150E333-8FDC-42A3-9474-1A3956D46DE8}") = "Business", "Business", "{96B3F8ED-DAAB-4FA2-AFCF-EED6153DC955}"
EndProject
Project("{2150E333-8FDC-42A3-9474-1A3956D46DE8}") = "Common", "Common", "{24C5B092-362E-4E68-9D8E-A8F51D5C3249}"
EndProject
Project("{2150E333-8FDC-42A3-9474-1A3956D46DE8}") = "Data", "Data", "{653CB38A-B422-4399-9C0E-8EDB4F2D5A79}"
EndProject
Project("{2150E333-8FDC-42A3-9474-1A3956D46DE8}") = "Infrastructure", "Infrastructure", "{4F229EF3-0D2E-42E8-8FA0-71927E3E4D8E}"
EndProject
Project("{2150E333-8FDC-42A3-9474-1A3956D46DE8}") = "Tests", "Tests", "{63C6ED89-839B-4C46-A8B5-E3B21AC6D1A2}"
EndProject
Project("{FAE04EC0-301F-11D3-BF4B-00C04F79EFBC}") = "ChatCase.Repository", "ChatCase.Repository\ChatCase.Repository.csproj", "{CF483B2D-CA1D-407A-8FE4-8B84654AB528}"
EndProject
Project("{FAE04EC0-301F-11D3-BF4B-00C04F79EFBC}") = "ChatCase.Domain", "ChatCase.Domain\ChatCase.Domain.csproj", "{7DA9E3D6-5645-4372-9583-7C79B2C1227B}"
EndProject
Project("{FAE04EC0-301F-11D3-BF4B-00C04F79EFBC}") = "ChatCase.Core", "ChatCase.Core\ChatCase.Core.csproj", "{417676A9-3306-414D-A858-9D1F817A3AEF}"
EndProject
Project("{FAE04EC0-301F-11D3-BF4B-00C04F79EFBC}") = "ChatCase.Common", "ChatCase.Common\ChatCase.Common.csproj", "{CF3A3465-8E09-4707-9DA4-4D1B14A9516C}"
EndProject
Project("{FAE04EC0-301F-11D3-BF4B-00C04F79EFBC}") = "ChatCase.Business", "ChatCase.Business\ChatCase.Business.csproj", "{DF438592-351A-47CB-96EA-87BBA094119D}"
EndProject
Project("{FAE04EC0-301F-11D3-BF4B-00C04F79EFBC}") = "ChatCase.Framework", "ChatCase.Framework\ChatCase.Framework.csproj", "{5DCECC8B-A384-44DD-89C4-8C9884F8C0A8}"
EndProject
Project("{FAE04EC0-301F-11D3-BF4B-00C04F79EFBC}") = "ChatCase.Api", "ChatCase.Api\ChatCase.Api.csproj", "{1D7686CF-15FD-4ACB-B8C4-9D5304A8679C}"
EndProject
Project("{FAE04EC0-301F-11D3-BF4B-00C04F79EFBC}") = "ChatCase.Tests", "ChatCase.Tests\ChatCase.Tests.csproj", "{6DA1057D-D9F4-47FD-9142-BD562A49737B}"
EndProject
Global
	GlobalSection(SolutionConfigurationPlatforms) = preSolution
		Debug|Any CPU = Debug|Any CPU
		Release|Any CPU = Release|Any CPU
	EndGlobalSection
	GlobalSection(ProjectConfigurationPlatforms) = postSolution
		{CF483B2D-CA1D-407A-8FE4-8B84654AB528}.Debug|Any CPU.ActiveCfg = Debug|Any CPU
		{CF483B2D-CA1D-407A-8FE4-8B84654AB528}.Debug|Any CPU.Build.0 = Debug|Any CPU
		{CF483B2D-CA1D-407A-8FE4-8B84654AB528}.Release|Any CPU.ActiveCfg = Release|Any CPU
		{CF483B2D-CA1D-407A-8FE4-8B84654AB528}.Release|Any CPU.Build.0 = Release|Any CPU
		{7DA9E3D6-5645-4372-9583-7C79B2C1227B}.Debug|Any CPU.ActiveCfg = Debug|Any CPU
		{7DA9E3D6-5645-4372-9583-7C79B2C1227B}.Debug|Any CPU.Build.0 = Debug|Any CPU
		{7DA9E3D6-5645-4372-9583-7C79B2C1227B}.Release|Any CPU.ActiveCfg = Release|Any CPU
		{7DA9E3D6-5645-4372-9583-7C79B2C1227B}.Release|Any CPU.Build.0 = Release|Any CPU
		{417676A9-3306-414D-A858-9D1F817A3AEF}.Debug|Any CPU.ActiveCfg = Debug|Any CPU
		{417676A9-3306-414D-A858-9D1F817A3AEF}.Debug|Any CPU.Build.0 = Debug|Any CPU
		{417676A9-3306-414D-A858-9D1F817A3AEF}.Release|Any CPU.ActiveCfg = Release|Any CPU
		{417676A9-3306-414D-A858-9D1F817A3AEF}.Release|Any CPU.Build.0 = Release|Any CPU
		{CF3A3465-8E09-4707-9DA4-4D1B14A9516C}.Debug|Any CPU.ActiveCfg = Debug|Any CPU
		{CF3A3465-8E09-4707-9DA4-4D1B14A9516C}.Debug|Any CPU.Build.0 = Debug|Any CPU
		{CF3A3465-8E09-4707-9DA4-4D1B14A9516C}.Release|Any CPU.ActiveCfg = Release|Any CPU
		{CF3A3465-8E09-4707-9DA4-4D1B14A9516C}.Release|Any CPU.Build.0 = Release|Any CPU
		{DF438592-351A-47CB-96EA-87BBA094119D}.Debug|Any CPU.ActiveCfg = Debug|Any CPU
		{DF438592-351A-47CB-96EA-87BBA094119D}.Debug|Any CPU.Build.0 = Debug|Any CPU
		{DF438592-351A-47CB-96EA-87BBA094119D}.Release|Any CPU.ActiveCfg = Release|Any CPU
		{DF438592-351A-47CB-96EA-87BBA094119D}.Release|Any CPU.Build.0 = Release|Any CPU
		{5DCECC8B-A384-44DD-89C4-8C9884F8C0A8}.Debug|Any CPU.ActiveCfg = Debug|Any CPU
		{5DCECC8B-A384-44DD-89C4-8C9884F8C0A8}.Debug|Any CPU.Build.0 = Debug|Any CPU
		{5DCECC8B-A384-44DD-89C4-8C9884F8C0A8}.Release|Any CPU.ActiveCfg = Release|Any CPU
		{5DCECC8B-A384-44DD-89C4-8C9884F8C0A8}.Release|Any CPU.Build.0 = Release|Any CPU
		{1D7686CF-15FD-4ACB-B8C4-9D5304A8679C}.Debug|Any CPU.ActiveCfg = Debug|Any CPU
		{1D7686CF-15FD-4ACB-B8C4-9D5304A8679C}.Debug|Any CPU.Build.0 = Debug|Any CPU
		{1D7686CF-15FD-4ACB-B8C4-9D5304A8679C}.Release|Any CPU.ActiveCfg = Release|Any CPU
		{1D7686CF-15FD-4ACB-B8C4-9D5304A8679C}.Release|Any CPU.Build.0 = Release|Any CPU
		{6DA1057D-D9F4-47FD-9142-BD562A49737B}.Debug|Any CPU.ActiveCfg = Debug|Any CPU
		{6DA1057D-D9F4-47FD-9142-BD562A49737B}.Debug|Any CPU.Build.0 = Debug|Any CPU
		{6DA1057D-D9F4-47FD-9142-BD562A49737B}.Release|Any CPU.ActiveCfg = Release|Any CPU
		{6DA1057D-D9F4-47FD-9142-BD562A49737B}.Release|Any CPU.Build.0 = Release|Any CPU
	EndGlobalSection
	GlobalSection(SolutionProperties) = preSolution
		HideSolutionNode = FALSE
	EndGlobalSection
	GlobalSection(NestedProjects) = preSolution
		{CF483B2D-CA1D-407A-8FE4-8B84654AB528} = {653CB38A-B422-4399-9C0E-8EDB4F2D5A79}
		{7DA9E3D6-5645-4372-9583-7C79B2C1227B} = {653CB38A-B422-4399-9C0E-8EDB4F2D5A79}
		{417676A9-3306-414D-A858-9D1F817A3AEF} = {4F229EF3-0D2E-42E8-8FA0-71927E3E4D8E}
		{CF3A3465-8E09-4707-9DA4-4D1B14A9516C} = {24C5B092-362E-4E68-9D8E-A8F51D5C3249}
		{DF438592-351A-47CB-96EA-87BBA094119D} = {96B3F8ED-DAAB-4FA2-AFCF-EED6153DC955}
		{5DCECC8B-A384-44DD-89C4-8C9884F8C0A8} = {1FBB8800-D876-440F-8BD9-E45714754565}
		{1D7686CF-15FD-4ACB-B8C4-9D5304A8679C} = {1FBB8800-D876-440F-8BD9-E45714754565}
		{6DA1057D-D9F4-47FD-9142-BD562A49737B} = {63C6ED89-839B-4C46-A8B5-E3B21AC6D1A2}
	EndGlobalSection
	GlobalSection(ExtensibilityGlobals) = postSolution
		SolutionGuid = {0CF5B00A-47B9-4DA7-BD9E-9C1DAC2E6DB6}
	EndGlobalSection
EndGlobal
